// !$*UTF8*$!
{
	archiveVersion = 1;
	classes = {
	};
	objectVersion = 56;
	objects = {

/* Begin PBXBuildFile section */
		B573F49C2A487D6400E5A61C /* AppDelegate.swift in Sources */ = {isa = PBXBuildFile; fileRef = B573F49B2A487D6400E5A61C /* AppDelegate.swift */; };
		B573F4A02A487D6400E5A61C /* MainViewController.swift in Sources */ = {isa = PBXBuildFile; fileRef = B573F49F2A487D6400E5A61C /* MainViewController.swift */; };
		B573F4A52A487D6600E5A61C /* Assets.xcassets in Resources */ = {isa = PBXBuildFile; fileRef = B573F4A42A487D6600E5A61C /* Assets.xcassets */; };
		B573F4A82A487D6600E5A61C /* LaunchScreen.storyboard in Resources */ = {isa = PBXBuildFile; fileRef = B573F4A62A487D6600E5A61C /* LaunchScreen.storyboard */; };
		B573F4B42A48832400E5A61C /* SnapKit in Frameworks */ = {isa = PBXBuildFile; productRef = B573F4B32A48832400E5A61C /* SnapKit */; };
		B573F4B72A48836000E5A61C /* Moya in Frameworks */ = {isa = PBXBuildFile; productRef = B573F4B62A48836000E5A61C /* Moya */; };
		B573F4B92A48836000E5A61C /* RxMoya in Frameworks */ = {isa = PBXBuildFile; productRef = B573F4B82A48836000E5A61C /* RxMoya */; };
		B573F4BC2A48837D00E5A61C /* RxCocoa in Frameworks */ = {isa = PBXBuildFile; productRef = B573F4BB2A48837D00E5A61C /* RxCocoa */; };
		B573F4BE2A48837D00E5A61C /* RxSwift in Frameworks */ = {isa = PBXBuildFile; productRef = B573F4BD2A48837D00E5A61C /* RxSwift */; };
		B573F4C02A48841B00E5A61C /* CustomSegmentedControl.swift in Sources */ = {isa = PBXBuildFile; fileRef = B573F4BF2A48841B00E5A61C /* CustomSegmentedControl.swift */; };
		B573F4C32A48857100E5A61C /* UIColor+extension.swift in Sources */ = {isa = PBXBuildFile; fileRef = B573F4C22A48857100E5A61C /* UIColor+extension.swift */; };
		B573F4C72A48859D00E5A61C /* Theme.swift in Sources */ = {isa = PBXBuildFile; fileRef = B573F4C62A48859D00E5A61C /* Theme.swift */; };
		B573F4C92A4885B200E5A61C /* ThemedViewController.swift in Sources */ = {isa = PBXBuildFile; fileRef = B573F4C82A4885B200E5A61C /* ThemedViewController.swift */; };
		B573F4CB2A4885BE00E5A61C /* ThemedView.swift in Sources */ = {isa = PBXBuildFile; fileRef = B573F4CA2A4885BE00E5A61C /* ThemedView.swift */; };
		B573F4CE2A4885F000E5A61C /* Alice-Regular.ttf in Resources */ = {isa = PBXBuildFile; fileRef = B573F4CD2A4885F000E5A61C /* Alice-Regular.ttf */; };
		B573F4D02A4887B100E5A61C /* Constants.swift in Sources */ = {isa = PBXBuildFile; fileRef = B573F4CF2A4887B100E5A61C /* Constants.swift */; };
		B573F4D52A4888D800E5A61C /* CustomCollectionViewCell.swift in Sources */ = {isa = PBXBuildFile; fileRef = B573F4D42A4888D800E5A61C /* CustomCollectionViewCell.swift */; };
		B573F4D82A48894600E5A61C /* DrinksViewModel.swift in Sources */ = {isa = PBXBuildFile; fileRef = B573F4D72A48894600E5A61C /* DrinksViewModel.swift */; };
		B573F4DB2A48896900E5A61C /* Kingfisher in Frameworks */ = {isa = PBXBuildFile; productRef = B573F4DA2A48896900E5A61C /* Kingfisher */; };
		B573F4DE2A4889C400E5A61C /* Lottie in Frameworks */ = {isa = PBXBuildFile; productRef = B573F4DD2A4889C400E5A61C /* Lottie */; };
		B573F4E12A4889ED00E5A61C /* NetworkService.swift in Sources */ = {isa = PBXBuildFile; fileRef = B573F4E02A4889ED00E5A61C /* NetworkService.swift */; };
		B573F4E42A488A4700E5A61C /* DrinksResponse.swift in Sources */ = {isa = PBXBuildFile; fileRef = B573F4E32A488A4700E5A61C /* DrinksResponse.swift */; };
		B573F4E72A488CD200E5A61C /* DetailsViewController.swift in Sources */ = {isa = PBXBuildFile; fileRef = B573F4E62A488CD200E5A61C /* DetailsViewController.swift */; };
		B573F4EB2A488CFB00E5A61C /* DrinkDetailResponse.swift in Sources */ = {isa = PBXBuildFile; fileRef = B573F4EA2A488CFB00E5A61C /* DrinkDetailResponse.swift */; };
		B573F4ED2A488D1A00E5A61C /* DetailsViewModel.swift in Sources */ = {isa = PBXBuildFile; fileRef = B573F4EC2A488D1A00E5A61C /* DetailsViewModel.swift */; };
		B573F4F22A48C62700E5A61C /* CustomAlertView.swift in Sources */ = {isa = PBXBuildFile; fileRef = B573F4F12A48C62700E5A61C /* CustomAlertView.swift */; };
		B573F4F62A48DCC300E5A61C /* LaunchScreenViewController.swift in Sources */ = {isa = PBXBuildFile; fileRef = B573F4F52A48DCC300E5A61C /* LaunchScreenViewController.swift */; };
/* End PBXBuildFile section */

/* Begin PBXFileReference section */
		B573F4982A487D6400E5A61C /* Cocktails.app */ = {isa = PBXFileReference; explicitFileType = wrapper.application; includeInIndex = 0; path = Cocktails.app; sourceTree = BUILT_PRODUCTS_DIR; };
		B573F49B2A487D6400E5A61C /* AppDelegate.swift */ = {isa = PBXFileReference; lastKnownFileType = sourcecode.swift; path = AppDelegate.swift; sourceTree = "<group>"; };
		B573F49F2A487D6400E5A61C /* MainViewController.swift */ = {isa = PBXFileReference; lastKnownFileType = sourcecode.swift; path = MainViewController.swift; sourceTree = "<group>"; };
		B573F4A42A487D6600E5A61C /* Assets.xcassets */ = {isa = PBXFileReference; lastKnownFileType = folder.assetcatalog; path = Assets.xcassets; sourceTree = "<group>"; };
		B573F4A72A487D6600E5A61C /* Base */ = {isa = PBXFileReference; lastKnownFileType = file.storyboard; name = Base; path = Base.lproj/LaunchScreen.storyboard; sourceTree = "<group>"; };
		B573F4A92A487D6600E5A61C /* Info.plist */ = {isa = PBXFileReference; lastKnownFileType = text.plist.xml; path = Info.plist; sourceTree = "<group>"; };
		B573F4BF2A48841B00E5A61C /* CustomSegmentedControl.swift */ = {isa = PBXFileReference; lastKnownFileType = sourcecode.swift; path = CustomSegmentedControl.swift; sourceTree = "<group>"; };
		B573F4C22A48857100E5A61C /* UIColor+extension.swift */ = {isa = PBXFileReference; lastKnownFileType = sourcecode.swift; path = "UIColor+extension.swift"; sourceTree = "<group>"; };
		B573F4C62A48859D00E5A61C /* Theme.swift */ = {isa = PBXFileReference; lastKnownFileType = sourcecode.swift; path = Theme.swift; sourceTree = "<group>"; };
		B573F4C82A4885B200E5A61C /* ThemedViewController.swift */ = {isa = PBXFileReference; lastKnownFileType = sourcecode.swift; path = ThemedViewController.swift; sourceTree = "<group>"; };
		B573F4CA2A4885BE00E5A61C /* ThemedView.swift */ = {isa = PBXFileReference; lastKnownFileType = sourcecode.swift; path = ThemedView.swift; sourceTree = "<group>"; };
		B573F4CD2A4885F000E5A61C /* Alice-Regular.ttf */ = {isa = PBXFileReference; lastKnownFileType = file; path = "Alice-Regular.ttf"; sourceTree = "<group>"; };
		B573F4CF2A4887B100E5A61C /* Constants.swift */ = {isa = PBXFileReference; lastKnownFileType = sourcecode.swift; path = Constants.swift; sourceTree = "<group>"; };
		B573F4D42A4888D800E5A61C /* CustomCollectionViewCell.swift */ = {isa = PBXFileReference; lastKnownFileType = sourcecode.swift; path = CustomCollectionViewCell.swift; sourceTree = "<group>"; };
		B573F4D72A48894600E5A61C /* DrinksViewModel.swift */ = {isa = PBXFileReference; lastKnownFileType = sourcecode.swift; path = DrinksViewModel.swift; sourceTree = "<group>"; };
		B573F4E02A4889ED00E5A61C /* NetworkService.swift */ = {isa = PBXFileReference; lastKnownFileType = sourcecode.swift; path = NetworkService.swift; sourceTree = "<group>"; };
		B573F4E32A488A4700E5A61C /* DrinksResponse.swift */ = {isa = PBXFileReference; lastKnownFileType = sourcecode.swift; path = DrinksResponse.swift; sourceTree = "<group>"; };
		B573F4E62A488CD200E5A61C /* DetailsViewController.swift */ = {isa = PBXFileReference; lastKnownFileType = sourcecode.swift; path = DetailsViewController.swift; sourceTree = "<group>"; };
		B573F4EA2A488CFB00E5A61C /* DrinkDetailResponse.swift */ = {isa = PBXFileReference; lastKnownFileType = sourcecode.swift; path = DrinkDetailResponse.swift; sourceTree = "<group>"; };
		B573F4EC2A488D1A00E5A61C /* DetailsViewModel.swift */ = {isa = PBXFileReference; lastKnownFileType = sourcecode.swift; path = DetailsViewModel.swift; sourceTree = "<group>"; };
		B573F4F12A48C62700E5A61C /* CustomAlertView.swift */ = {isa = PBXFileReference; lastKnownFileType = sourcecode.swift; path = CustomAlertView.swift; sourceTree = "<group>"; };
		B573F4F52A48DCC300E5A61C /* LaunchScreenViewController.swift */ = {isa = PBXFileReference; lastKnownFileType = sourcecode.swift; path = LaunchScreenViewController.swift; sourceTree = "<group>"; };
/* End PBXFileReference section */

/* Begin PBXFrameworksBuildPhase section */
		B573F4952A487D6400E5A61C /* Frameworks */ = {
			isa = PBXFrameworksBuildPhase;
			buildActionMask = 2147483647;
			files = (
				B573F4DB2A48896900E5A61C /* Kingfisher in Frameworks */,
				B573F4DE2A4889C400E5A61C /* Lottie in Frameworks */,
				B573F4B92A48836000E5A61C /* RxMoya in Frameworks */,
				B573F4B72A48836000E5A61C /* Moya in Frameworks */,
				B573F4BE2A48837D00E5A61C /* RxSwift in Frameworks */,
				B573F4BC2A48837D00E5A61C /* RxCocoa in Frameworks */,
				B573F4B42A48832400E5A61C /* SnapKit in Frameworks */,
			);
			runOnlyForDeploymentPostprocessing = 0;
		};
/* End PBXFrameworksBuildPhase section */

/* Begin PBXGroup section */
		B573F48F2A487D6400E5A61C = {
			isa = PBXGroup;
			children = (
				B573F49A2A487D6400E5A61C /* Cocktails */,
				B573F4992A487D6400E5A61C /* Products */,
			);
			sourceTree = "<group>";
		};
		B573F4992A487D6400E5A61C /* Products */ = {
			isa = PBXGroup;
			children = (
				B573F4982A487D6400E5A61C /* Cocktails.app */,
			);
			name = Products;
			sourceTree = "<group>";
		};
		B573F49A2A487D6400E5A61C /* Cocktails */ = {
			isa = PBXGroup;
			children = (
				B573F4AF2A48814600E5A61C /* Application */,
				B573F4D12A48889700E5A61C /* Scenes */,
				B573F4DF2A4889E000E5A61C /* Services */,
				B573F4C12A48856700E5A61C /* Extensions */,
				B573F4B12A48819400E5A61C /* Helpers */,
			);
			path = Cocktails;
			sourceTree = "<group>";
		};
		B573F4AF2A48814600E5A61C /* Application */ = {
			isa = PBXGroup;
			children = (
				B573F4A62A487D6600E5A61C /* LaunchScreen.storyboard */,
				B573F4A92A487D6600E5A61C /* Info.plist */,
				B573F49B2A487D6400E5A61C /* AppDelegate.swift */,
				B573F4F52A48DCC300E5A61C /* LaunchScreenViewController.swift */,
			);
			path = Application;
			sourceTree = "<group>";
		};
		B573F4B12A48819400E5A61C /* Helpers */ = {
			isa = PBXGroup;
			children = (
				B573F4CC2A4885D000E5A61C /* Fonts */,
				B573F4C52A48859300E5A61C /* Theme */,
				B573F4A42A487D6600E5A61C /* Assets.xcassets */,
				B573F4CF2A4887B100E5A61C /* Constants.swift */,
			);
			path = Helpers;
			sourceTree = "<group>";
		};
		B573F4C12A48856700E5A61C /* Extensions */ = {
			isa = PBXGroup;
			children = (
				B573F4C22A48857100E5A61C /* UIColor+extension.swift */,
			);
			path = Extensions;
			sourceTree = "<group>";
		};
		B573F4C52A48859300E5A61C /* Theme */ = {
			isa = PBXGroup;
			children = (
				B573F4C62A48859D00E5A61C /* Theme.swift */,
				B573F4C82A4885B200E5A61C /* ThemedViewController.swift */,
				B573F4CA2A4885BE00E5A61C /* ThemedView.swift */,
			);
			path = Theme;
			sourceTree = "<group>";
		};
		B573F4CC2A4885D000E5A61C /* Fonts */ = {
			isa = PBXGroup;
			children = (
				B573F4CD2A4885F000E5A61C /* Alice-Regular.ttf */,
			);
			path = Fonts;
			sourceTree = "<group>";
		};
		B573F4D12A48889700E5A61C /* Scenes */ = {
			isa = PBXGroup;
			children = (
				B573F4D22A4888A100E5A61C /* MainScene */,
				B573F4E52A488C9700E5A61C /* DetailsScene */,
			);
			path = Scenes;
			sourceTree = "<group>";
		};
		B573F4D22A4888A100E5A61C /* MainScene */ = {
			isa = PBXGroup;
			children = (
				B573F49F2A487D6400E5A61C /* MainViewController.swift */,
				B573F4E22A488A3A00E5A61C /* Models */,
				B573F4D62A48893000E5A61C /* ViewModels */,
				B573F4D32A4888B900E5A61C /* VIews */,
			);
			path = MainScene;
			sourceTree = "<group>";
		};
		B573F4D32A4888B900E5A61C /* VIews */ = {
			isa = PBXGroup;
			children = (
				B573F4BF2A48841B00E5A61C /* CustomSegmentedControl.swift */,
				B573F4D42A4888D800E5A61C /* CustomCollectionViewCell.swift */,
			);
			path = VIews;
			sourceTree = "<group>";
		};
		B573F4D62A48893000E5A61C /* ViewModels */ = {
			isa = PBXGroup;
			children = (
				B573F4D72A48894600E5A61C /* DrinksViewModel.swift */,
			);
			path = ViewModels;
			sourceTree = "<group>";
		};
		B573F4DF2A4889E000E5A61C /* Services */ = {
			isa = PBXGroup;
			children = (
				B573F4E02A4889ED00E5A61C /* NetworkService.swift */,
			);
			path = Services;
			sourceTree = "<group>";
		};
		B573F4E22A488A3A00E5A61C /* Models */ = {
			isa = PBXGroup;
			children = (
				B573F4E32A488A4700E5A61C /* DrinksResponse.swift */,
			);
			path = Models;
			sourceTree = "<group>";
		};
		B573F4E52A488C9700E5A61C /* DetailsScene */ = {
			isa = PBXGroup;
			children = (
				B573F4E62A488CD200E5A61C /* DetailsViewController.swift */,
				B573F4F02A48C61C00E5A61C /* Views */,
				B573F4E92A488CE600E5A61C /* Models */,
				B573F4E82A488CDC00E5A61C /* ViewModels */,
			);
			path = DetailsScene;
			sourceTree = "<group>";
		};
		B573F4E82A488CDC00E5A61C /* ViewModels */ = {
			isa = PBXGroup;
			children = (
				B573F4EC2A488D1A00E5A61C /* DetailsViewModel.swift */,
			);
			path = ViewModels;
			sourceTree = "<group>";
		};
		B573F4E92A488CE600E5A61C /* Models */ = {
			isa = PBXGroup;
			children = (
				B573F4EA2A488CFB00E5A61C /* DrinkDetailResponse.swift */,
			);
			path = Models;
			sourceTree = "<group>";
		};
		B573F4F02A48C61C00E5A61C /* Views */ = {
			isa = PBXGroup;
			children = (
				B573F4F12A48C62700E5A61C /* CustomAlertView.swift */,
			);
			path = Views;
			sourceTree = "<group>";
		};
/* End PBXGroup section */

/* Begin PBXNativeTarget section */
		B573F4972A487D6400E5A61C /* Cocktails */ = {
			isa = PBXNativeTarget;
			buildConfigurationList = B573F4AC2A487D6600E5A61C /* Build configuration list for PBXNativeTarget "Cocktails" */;
			buildPhases = (
				B573F4942A487D6400E5A61C /* Sources */,
				B573F4952A487D6400E5A61C /* Frameworks */,
				B573F4962A487D6400E5A61C /* Resources */,
			);
			buildRules = (
			);
			dependencies = (
			);
			name = Cocktails;
			packageProductDependencies = (
				B573F4B32A48832400E5A61C /* SnapKit */,
				B573F4B62A48836000E5A61C /* Moya */,
				B573F4B82A48836000E5A61C /* RxMoya */,
				B573F4BB2A48837D00E5A61C /* RxCocoa */,
				B573F4BD2A48837D00E5A61C /* RxSwift */,
				B573F4DA2A48896900E5A61C /* Kingfisher */,
				B573F4DD2A4889C400E5A61C /* Lottie */,
			);
			productName = Cocktails;
			productReference = B573F4982A487D6400E5A61C /* Cocktails.app */;
			productType = "com.apple.product-type.application";
		};
/* End PBXNativeTarget section */

/* Begin PBXProject section */
		B573F4902A487D6400E5A61C /* Project object */ = {
			isa = PBXProject;
			attributes = {
				BuildIndependentTargetsInParallel = 1;
				LastSwiftUpdateCheck = 1430;
				LastUpgradeCheck = 1430;
				TargetAttributes = {
					B573F4972A487D6400E5A61C = {
						CreatedOnToolsVersion = 14.3;
					};
				};
			};
			buildConfigurationList = B573F4932A487D6400E5A61C /* Build configuration list for PBXProject "Cocktails" */;
			compatibilityVersion = "Xcode 14.0";
			developmentRegion = en;
			hasScannedForEncodings = 0;
			knownRegions = (
				en,
				Base,
			);
			mainGroup = B573F48F2A487D6400E5A61C;
			packageReferences = (
				B573F4B22A48832400E5A61C /* XCRemoteSwiftPackageReference "SnapKit" */,
				B573F4B52A48836000E5A61C /* XCRemoteSwiftPackageReference "Moya" */,
				B573F4BA2A48837D00E5A61C /* XCRemoteSwiftPackageReference "RxSwift" */,
				B573F4D92A48896900E5A61C /* XCRemoteSwiftPackageReference "Kingfisher" */,
				B573F4DC2A4889C400E5A61C /* XCRemoteSwiftPackageReference "lottie-spm" */,
			);
			productRefGroup = B573F4992A487D6400E5A61C /* Products */;
			projectDirPath = "";
			projectRoot = "";
			targets = (
				B573F4972A487D6400E5A61C /* Cocktails */,
			);
		};
/* End PBXProject section */

/* Begin PBXResourcesBuildPhase section */
		B573F4962A487D6400E5A61C /* Resources */ = {
			isa = PBXResourcesBuildPhase;
			buildActionMask = 2147483647;
			files = (
				B573F4A82A487D6600E5A61C /* LaunchScreen.storyboard in Resources */,
				B573F4A52A487D6600E5A61C /* Assets.xcassets in Resources */,
				B573F4CE2A4885F000E5A61C /* Alice-Regular.ttf in Resources */,
			);
			runOnlyForDeploymentPostprocessing = 0;
		};
/* End PBXResourcesBuildPhase section */

/* Begin PBXSourcesBuildPhase section */
		B573F4942A487D6400E5A61C /* Sources */ = {
			isa = PBXSourcesBuildPhase;
			buildActionMask = 2147483647;
			files = (
				B573F4E12A4889ED00E5A61C /* NetworkService.swift in Sources */,
				B573F4A02A487D6400E5A61C /* MainViewController.swift in Sources */,
				B573F4ED2A488D1A00E5A61C /* DetailsViewModel.swift in Sources */,
				B573F4EB2A488CFB00E5A61C /* DrinkDetailResponse.swift in Sources */,
				B573F4F62A48DCC300E5A61C /* LaunchScreenViewController.swift in Sources */,
				B573F4D52A4888D800E5A61C /* CustomCollectionViewCell.swift in Sources */,
				B573F4C92A4885B200E5A61C /* ThemedViewController.swift in Sources */,
				B573F49C2A487D6400E5A61C /* AppDelegate.swift in Sources */,
				B573F4C72A48859D00E5A61C /* Theme.swift in Sources */,
				B573F4C02A48841B00E5A61C /* CustomSegmentedControl.swift in Sources */,
				B573F4CB2A4885BE00E5A61C /* ThemedView.swift in Sources */,
				B573F4C32A48857100E5A61C /* UIColor+extension.swift in Sources */,
				B573F4E42A488A4700E5A61C /* DrinksResponse.swift in Sources */,
				B573F4D02A4887B100E5A61C /* Constants.swift in Sources */,
				B573F4E72A488CD200E5A61C /* DetailsViewController.swift in Sources */,
				B573F4F22A48C62700E5A61C /* CustomAlertView.swift in Sources */,
				B573F4D82A48894600E5A61C /* DrinksViewModel.swift in Sources */,
			);
			runOnlyForDeploymentPostprocessing = 0;
		};
/* End PBXSourcesBuildPhase section */

/* Begin PBXVariantGroup section */
		B573F4A62A487D6600E5A61C /* LaunchScreen.storyboard */ = {
			isa = PBXVariantGroup;
			children = (
				B573F4A72A487D6600E5A61C /* Base */,
			);
			name = LaunchScreen.storyboard;
			sourceTree = "<group>";
		};
/* End PBXVariantGroup section */

/* Begin XCBuildConfiguration section */
		B573F4AA2A487D6600E5A61C /* Debug */ = {
			isa = XCBuildConfiguration;
			buildSettings = {
				ALWAYS_SEARCH_USER_PATHS = NO;
				CLANG_ANALYZER_NONNULL = YES;
				CLANG_ANALYZER_NUMBER_OBJECT_CONVERSION = YES_AGGRESSIVE;
				CLANG_CXX_LANGUAGE_STANDARD = "gnu++20";
				CLANG_ENABLE_MODULES = YES;
				CLANG_ENABLE_OBJC_ARC = YES;
				CLANG_ENABLE_OBJC_WEAK = YES;
				CLANG_WARN_BLOCK_CAPTURE_AUTORELEASING = YES;
				CLANG_WARN_BOOL_CONVERSION = YES;
				CLANG_WARN_COMMA = YES;
				CLANG_WARN_CONSTANT_CONVERSION = YES;
				CLANG_WARN_DEPRECATED_OBJC_IMPLEMENTATIONS = YES;
				CLANG_WARN_DIRECT_OBJC_ISA_USAGE = YES_ERROR;
				CLANG_WARN_DOCUMENTATION_COMMENTS = YES;
				CLANG_WARN_EMPTY_BODY = YES;
				CLANG_WARN_ENUM_CONVERSION = YES;
				CLANG_WARN_INFINITE_RECURSION = YES;
				CLANG_WARN_INT_CONVERSION = YES;
				CLANG_WARN_NON_LITERAL_NULL_CONVERSION = YES;
				CLANG_WARN_OBJC_IMPLICIT_RETAIN_SELF = YES;
				CLANG_WARN_OBJC_LITERAL_CONVERSION = YES;
				CLANG_WARN_OBJC_ROOT_CLASS = YES_ERROR;
				CLANG_WARN_QUOTED_INCLUDE_IN_FRAMEWORK_HEADER = YES;
				CLANG_WARN_RANGE_LOOP_ANALYSIS = YES;
				CLANG_WARN_STRICT_PROTOTYPES = YES;
				CLANG_WARN_SUSPICIOUS_MOVE = YES;
				CLANG_WARN_UNGUARDED_AVAILABILITY = YES_AGGRESSIVE;
				CLANG_WARN_UNREACHABLE_CODE = YES;
				CLANG_WARN__DUPLICATE_METHOD_MATCH = YES;
				COPY_PHASE_STRIP = NO;
				DEBUG_INFORMATION_FORMAT = dwarf;
				ENABLE_STRICT_OBJC_MSGSEND = YES;
				ENABLE_TESTABILITY = YES;
				GCC_C_LANGUAGE_STANDARD = gnu11;
				GCC_DYNAMIC_NO_PIC = NO;
				GCC_NO_COMMON_BLOCKS = YES;
				GCC_OPTIMIZATION_LEVEL = 0;
				GCC_PREPROCESSOR_DEFINITIONS = (
					"DEBUG=1",
					"$(inherited)",
				);
				GCC_WARN_64_TO_32_BIT_CONVERSION = YES;
				GCC_WARN_ABOUT_RETURN_TYPE = YES_ERROR;
				GCC_WARN_UNDECLARED_SELECTOR = YES;
				GCC_WARN_UNINITIALIZED_AUTOS = YES_AGGRESSIVE;
				GCC_WARN_UNUSED_FUNCTION = YES;
				GCC_WARN_UNUSED_VARIABLE = YES;
				IPHONEOS_DEPLOYMENT_TARGET = 16.4;
				MTL_ENABLE_DEBUG_INFO = INCLUDE_SOURCE;
				MTL_FAST_MATH = YES;
				ONLY_ACTIVE_ARCH = YES;
				SDKROOT = iphoneos;
				SWIFT_ACTIVE_COMPILATION_CONDITIONS = DEBUG;
				SWIFT_OPTIMIZATION_LEVEL = "-Onone";
			};
			name = Debug;
		};
		B573F4AB2A487D6600E5A61C /* Release */ = {
			isa = XCBuildConfiguration;
			buildSettings = {
				ALWAYS_SEARCH_USER_PATHS = NO;
				CLANG_ANALYZER_NONNULL = YES;
				CLANG_ANALYZER_NUMBER_OBJECT_CONVERSION = YES_AGGRESSIVE;
				CLANG_CXX_LANGUAGE_STANDARD = "gnu++20";
				CLANG_ENABLE_MODULES = YES;
				CLANG_ENABLE_OBJC_ARC = YES;
				CLANG_ENABLE_OBJC_WEAK = YES;
				CLANG_WARN_BLOCK_CAPTURE_AUTORELEASING = YES;
				CLANG_WARN_BOOL_CONVERSION = YES;
				CLANG_WARN_COMMA = YES;
				CLANG_WARN_CONSTANT_CONVERSION = YES;
				CLANG_WARN_DEPRECATED_OBJC_IMPLEMENTATIONS = YES;
				CLANG_WARN_DIRECT_OBJC_ISA_USAGE = YES_ERROR;
				CLANG_WARN_DOCUMENTATION_COMMENTS = YES;
				CLANG_WARN_EMPTY_BODY = YES;
				CLANG_WARN_ENUM_CONVERSION = YES;
				CLANG_WARN_INFINITE_RECURSION = YES;
				CLANG_WARN_INT_CONVERSION = YES;
				CLANG_WARN_NON_LITERAL_NULL_CONVERSION = YES;
				CLANG_WARN_OBJC_IMPLICIT_RETAIN_SELF = YES;
				CLANG_WARN_OBJC_LITERAL_CONVERSION = YES;
				CLANG_WARN_OBJC_ROOT_CLASS = YES_ERROR;
				CLANG_WARN_QUOTED_INCLUDE_IN_FRAMEWORK_HEADER = YES;
				CLANG_WARN_RANGE_LOOP_ANALYSIS = YES;
				CLANG_WARN_STRICT_PROTOTYPES = YES;
				CLANG_WARN_SUSPICIOUS_MOVE = YES;
				CLANG_WARN_UNGUARDED_AVAILABILITY = YES_AGGRESSIVE;
				CLANG_WARN_UNREACHABLE_CODE = YES;
				CLANG_WARN__DUPLICATE_METHOD_MATCH = YES;
				COPY_PHASE_STRIP = NO;
				DEBUG_INFORMATION_FORMAT = "dwarf-with-dsym";
				ENABLE_NS_ASSERTIONS = NO;
				ENABLE_STRICT_OBJC_MSGSEND = YES;
				GCC_C_LANGUAGE_STANDARD = gnu11;
				GCC_NO_COMMON_BLOCKS = YES;
				GCC_WARN_64_TO_32_BIT_CONVERSION = YES;
				GCC_WARN_ABOUT_RETURN_TYPE = YES_ERROR;
				GCC_WARN_UNDECLARED_SELECTOR = YES;
				GCC_WARN_UNINITIALIZED_AUTOS = YES_AGGRESSIVE;
				GCC_WARN_UNUSED_FUNCTION = YES;
				GCC_WARN_UNUSED_VARIABLE = YES;
				IPHONEOS_DEPLOYMENT_TARGET = 16.4;
				MTL_ENABLE_DEBUG_INFO = NO;
				MTL_FAST_MATH = YES;
				SDKROOT = iphoneos;
				SWIFT_COMPILATION_MODE = wholemodule;
				SWIFT_OPTIMIZATION_LEVEL = "-O";
				VALIDATE_PRODUCT = YES;
			};
			name = Release;
		};
		B573F4AD2A487D6600E5A61C /* Debug */ = {
			isa = XCBuildConfiguration;
			buildSettings = {
				ASSETCATALOG_COMPILER_APPICON_NAME = AppIcon;
				ASSETCATALOG_COMPILER_GLOBAL_ACCENT_COLOR_NAME = AccentColor;
				CODE_SIGN_STYLE = Automatic;
				CURRENT_PROJECT_VERSION = 1;
				DEVELOPMENT_TEAM = S8VC9ZSJXF;
				GENERATE_INFOPLIST_FILE = YES;
				INFOPLIST_FILE = Cocktails/Application/Info.plist;
				INFOPLIST_KEY_UIApplicationSupportsIndirectInputEvents = YES;
				INFOPLIST_KEY_UILaunchStoryboardName = LaunchScreen;
				INFOPLIST_KEY_UISupportedInterfaceOrientations = UIInterfaceOrientationPortrait;
				INFOPLIST_KEY_UISupportedInterfaceOrientations_iPad = "UIInterfaceOrientationLandscapeLeft UIInterfaceOrientationLandscapeRight UIInterfaceOrientationPortrait UIInterfaceOrientationPortraitUpsideDown";
				IPHONEOS_DEPLOYMENT_TARGET = 12.0;
				LD_RUNPATH_SEARCH_PATHS = (
					"$(inherited)",
					"@executable_path/Frameworks",
				);
				MARKETING_VERSION = 1.0;
				PRODUCT_BUNDLE_IDENTIFIER = com.tnurkalam.Cocktails;
				PRODUCT_NAME = "$(TARGET_NAME)";
				SUPPORTED_PLATFORMS = "iphoneos iphonesimulator";
				SUPPORTS_MACCATALYST = NO;
				SUPPORTS_MAC_DESIGNED_FOR_IPHONE_IPAD = NO;
				SWIFT_EMIT_LOC_STRINGS = YES;
				SWIFT_VERSION = 5.0;
				TARGETED_DEVICE_FAMILY = 1;
			};
			name = Debug;
		};
		B573F4AE2A487D6600E5A61C /* Release */ = {
			isa = XCBuildConfiguration;
			buildSettings = {
				ASSETCATALOG_COMPILER_APPICON_NAME = AppIcon;
				ASSETCATALOG_COMPILER_GLOBAL_ACCENT_COLOR_NAME = AccentColor;
				CODE_SIGN_STYLE = Automatic;
				CURRENT_PROJECT_VERSION = 1;
				DEVELOPMENT_TEAM = S8VC9ZSJXF;
				GENERATE_INFOPLIST_FILE = YES;
				INFOPLIST_FILE = Cocktails/Application/Info.plist;
				INFOPLIST_KEY_UIApplicationSupportsIndirectInputEvents = YES;
				INFOPLIST_KEY_UILaunchStoryboardName = LaunchScreen;
				INFOPLIST_KEY_UISupportedInterfaceOrientations = UIInterfaceOrientationPortrait;
				INFOPLIST_KEY_UISupportedInterfaceOrientations_iPad = "UIInterfaceOrientationLandscapeLeft UIInterfaceOrientationLandscapeRight UIInterfaceOrientationPortrait UIInterfaceOrientationPortraitUpsideDown";
				IPHONEOS_DEPLOYMENT_TARGET = 12.0;
				LD_RUNPATH_SEARCH_PATHS = (
					"$(inherited)",
					"@executable_path/Frameworks",
				);
				MARKETING_VERSION = 1.0;
				PRODUCT_BUNDLE_IDENTIFIER = com.tnurkalam.Cocktails;
				PRODUCT_NAME = "$(TARGET_NAME)";
				SUPPORTED_PLATFORMS = "iphoneos iphonesimulator";
				SUPPORTS_MACCATALYST = NO;
				SUPPORTS_MAC_DESIGNED_FOR_IPHONE_IPAD = NO;
				SWIFT_EMIT_LOC_STRINGS = YES;
				SWIFT_VERSION = 5.0;
				TARGETED_DEVICE_FAMILY = 1;
			};
			name = Release;
		};
/* End XCBuildConfiguration section */

/* Begin XCConfigurationList section */
		B573F4932A487D6400E5A61C /* Build configuration list for PBXProject "Cocktails" */ = {
			isa = XCConfigurationList;
			buildConfigurations = (
				B573F4AA2A487D6600E5A61C /* Debug */,
				B573F4AB2A487D6600E5A61C /* Release */,
			);
			defaultConfigurationIsVisible = 0;
			defaultConfigurationName = Release;
		};
		B573F4AC2A487D6600E5A61C /* Build configuration list for PBXNativeTarget "Cocktails" */ = {
			isa = XCConfigurationList;
			buildConfigurations = (
				B573F4AD2A487D6600E5A61C /* Debug */,
				B573F4AE2A487D6600E5A61C /* Release */,
			);
			defaultConfigurationIsVisible = 0;
			defaultConfigurationName = Release;
		};
/* End XCConfigurationList section */

/* Begin XCRemoteSwiftPackageReference section */
		B573F4B22A48832400E5A61C /* XCRemoteSwiftPackageReference "SnapKit" */ = {
			isa = XCRemoteSwiftPackageReference;
			repositoryURL = "https://github.com/SnapKit/SnapKit.git";
			requirement = {
				kind = upToNextMajorVersion;
				minimumVersion = 5.0.0;
			};
		};
		B573F4B52A48836000E5A61C /* XCRemoteSwiftPackageReference "Moya" */ = {
			isa = XCRemoteSwiftPackageReference;
			repositoryURL = "https://github.com/Moya/Moya.git";
			requirement = {
				kind = upToNextMajorVersion;
				minimumVersion = 15.0.0;
			};
		};
		B573F4BA2A48837D00E5A61C /* XCRemoteSwiftPackageReference "RxSwift" */ = {
			isa = XCRemoteSwiftPackageReference;
			repositoryURL = "https://github.com/ReactiveX/RxSwift.git";
			requirement = {
				kind = upToNextMajorVersion;
				minimumVersion = 6.0.0;
			};
		};
		B573F4D92A48896900E5A61C /* XCRemoteSwiftPackageReference "Kingfisher" */ = {
			isa = XCRemoteSwiftPackageReference;
			repositoryURL = "https://github.com/onevcat/Kingfisher";
			requirement = {
				kind = upToNextMajorVersion;
				minimumVersion = 7.0.0;
			};
		};
		B573F4DC2A4889C400E5A61C /* XCRemoteSwiftPackageReference "lottie-spm" */ = {
			isa = XCRemoteSwiftPackageReference;
			repositoryURL = "https://github.com/airbnb/lottie-spm";
			requirement = {
				kind = upToNextMajorVersion;
				minimumVersion = 4.0.0;
			};
		};
/* End XCRemoteSwiftPackageReference section */

/* Begin XCSwiftPackageProductDependency section */
		B573F4B32A48832400E5A61C /* SnapKit */ = {
			isa = XCSwiftPackageProductDependency;
			package = B573F4B22A48832400E5A61C /* XCRemoteSwiftPackageReference "SnapKit" */;
			productName = SnapKit;
		};
		B573F4B62A48836000E5A61C /* Moya */ = {
			isa = XCSwiftPackageProductDependency;
			package = B573F4B52A48836000E5A61C /* XCRemoteSwiftPackageReference "Moya" */;
			productName = Moya;
		};
		B573F4B82A48836000E5A61C /* RxMoya */ = {
			isa = XCSwiftPackageProductDependency;
			package = B573F4B52A48836000E5A61C /* XCRemoteSwiftPackageReference "Moya" */;
			productName = RxMoya;
		};
		B573F4BB2A48837D00E5A61C /* RxCocoa */ = {
			isa = XCSwiftPackageProductDependency;
			package = B573F4BA2A48837D00E5A61C /* XCRemoteSwiftPackageReference "RxSwift" */;
			productName = RxCocoa;
		};
		B573F4BD2A48837D00E5A61C /* RxSwift */ = {
			isa = XCSwiftPackageProductDependency;
			package = B573F4BA2A48837D00E5A61C /* XCRemoteSwiftPackageReference "RxSwift" */;
			productName = RxSwift;
		};
		B573F4DA2A48896900E5A61C /* Kingfisher */ = {
			isa = XCSwiftPackageProductDependency;
			package = B573F4D92A48896900E5A61C /* XCRemoteSwiftPackageReference "Kingfisher" */;
			productName = Kingfisher;
		};
		B573F4DD2A4889C400E5A61C /* Lottie */ = {
			isa = XCSwiftPackageProductDependency;
			package = B573F4DC2A4889C400E5A61C /* XCRemoteSwiftPackageReference "lottie-spm" */;
			productName = Lottie;
		};
/* End XCSwiftPackageProductDependency section */
	};
	rootObject = B573F4902A487D6400E5A61C /* Project object */;
}
